
Microsoft Visual Studio Solution File, Format Version 12.00
# Visual Studio 15
VisualStudioVersion = 15.0.27703.2035
MinimumVisualStudioVersion = 10.0.40219.1
Project("{FAE04EC0-301F-11D3-BF4B-00C04F79EFBC}") = "CSV to SQL", "CSV to SQL\CSV to SQL.csproj", "{9C23BDAF-E31A-44F3-942C-8C963FAA257A}"
EndProject
Global
	GlobalSection(SolutionConfigurationPlatforms) = preSolution
		Debug|Any CPU = Debug|Any CPU
		Release|Any CPU = Release|Any CPU
	EndGlobalSection
	GlobalSection(ProjectConfigurationPlatforms) = postSolution
		{9C23BDAF-E31A-44F3-942C-8C963FAA257A}.Debug|Any CPU.ActiveCfg = Debug|Any CPU
		{9C23BDAF-E31A-44F3-942C-8C963FAA257A}.Debug|Any CPU.Build.0 = Debug|Any CPU
		{9C23BDAF-E31A-44F3-942C-8C963FAA257A}.Release|Any CPU.ActiveCfg = Release|Any CPU
		{9C23BDAF-E31A-44F3-942C-8C963FAA257A}.Release|Any CPU.Build.0 = Release|Any CPU
	EndGlobalSection
	GlobalSection(SolutionProperties) = preSolution
		HideSolutionNode = FALSE
	EndGlobalSection
	GlobalSection(ExtensibilityGlobals) = postSolution
		SolutionGuid = {EC7E0EFB-8574-4B59-B661-26B895FB6116}
	EndGlobalSection
EndGlobal
